
Microsoft Visual Studio Solution File, Format Version 12.00
# Visual Studio Version 17
VisualStudioVersion = 17.6.33723.286
MinimumVisualStudioVersion = 10.0.40219.1
Project("{FAE04EC0-301F-11D3-BF4B-00C04F79EFBC}") = "OS_work", "OS_work\OS_work.csproj", "{A2CA5308-C2C6-463B-AC89-BF883D4ED101}"
EndProject
Global
	GlobalSection(SolutionConfigurationPlatforms) = preSolution
		Debug|Any CPU = Debug|Any CPU
		Release|Any CPU = Release|Any CPU
	EndGlobalSection
	GlobalSection(ProjectConfigurationPlatforms) = postSolution
		{A2CA5308-C2C6-463B-AC89-BF883D4ED101}.Debug|Any CPU.ActiveCfg = Debug|Any CPU
		{A2CA5308-C2C6-463B-AC89-BF883D4ED101}.Debug|Any CPU.Build.0 = Debug|Any CPU
		{A2CA5308-C2C6-463B-AC89-BF883D4ED101}.Release|Any CPU.ActiveCfg = Release|Any CPU
		{A2CA5308-C2C6-463B-AC89-BF883D4ED101}.Release|Any CPU.Build.0 = Release|Any CPU
	EndGlobalSection
	GlobalSection(SolutionProperties) = preSolution
		HideSolutionNode = FALSE
	EndGlobalSection
	GlobalSection(ExtensibilityGlobals) = postSolution
		SolutionGuid = {50A5C9FB-5FE2-4CDD-A6AD-E6A201AB69F7}
	EndGlobalSection
EndGlobal
